// !$*UTF8*$!
{
	archiveVersion = 1;
	classes = {
	};
	objectVersion = 50;
	objects = {

/* Begin PBXBuildFile section */
		FA010CEC2123B32800379B5A /* DropPlaneViewController.swift in Sources */ = {isa = PBXBuildFile; fileRef = FA010CEB2123B32800379B5A /* DropPlaneViewController.swift */; };
		FA010CEE2123B35800379B5A /* DropPlane.swift in Sources */ = {isa = PBXBuildFile; fileRef = FA010CED2123B35800379B5A /* DropPlane.swift */; };
		FAA3BFAE212174E300C82A37 /* AppDelegate.swift in Sources */ = {isa = PBXBuildFile; fileRef = FAA3BFAD212174E300C82A37 /* AppDelegate.swift */; };
		FAA3BFB0212174E300C82A37 /* ViewController.swift in Sources */ = {isa = PBXBuildFile; fileRef = FAA3BFAF212174E300C82A37 /* ViewController.swift */; };
		FAA3BFB3212174E300C82A37 /* Main.storyboard in Resources */ = {isa = PBXBuildFile; fileRef = FAA3BFB1212174E300C82A37 /* Main.storyboard */; };
		FAA3BFB5212174E500C82A37 /* Assets.xcassets in Resources */ = {isa = PBXBuildFile; fileRef = FAA3BFB4212174E500C82A37 /* Assets.xcassets */; };
		FAA3BFB8212174E500C82A37 /* LaunchScreen.storyboard in Resources */ = {isa = PBXBuildFile; fileRef = FAA3BFB6212174E500C82A37 /* LaunchScreen.storyboard */; };
		FAA3BFC02121770D00C82A37 /* JumpViewController.swift in Sources */ = {isa = PBXBuildFile; fileRef = FAA3BFBF2121770D00C82A37 /* JumpViewController.swift */; };
		FAC43176212263C7006878B9 /* CubeViewController.swift in Sources */ = {isa = PBXBuildFile; fileRef = FAC43175212263C7006878B9 /* CubeViewController.swift */; };
		FAC70BBE212278A90066B3B9 /* PlaneViewController.swift in Sources */ = {isa = PBXBuildFile; fileRef = FAC70BBD212278A90066B3B9 /* PlaneViewController.swift */; };
		FAC70BC02122797A0066B3B9 /* Plane.swift in Sources */ = {isa = PBXBuildFile; fileRef = FAC70BBF2122797A0066B3B9 /* Plane.swift */; };
/* End PBXBuildFile section */

/* Begin PBXFileReference section */
		FA010CEB2123B32800379B5A /* DropPlaneViewController.swift */ = {isa = PBXFileReference; lastKnownFileType = sourcecode.swift; path = DropPlaneViewController.swift; sourceTree = "<group>"; };
		FA010CED2123B35800379B5A /* DropPlane.swift */ = {isa = PBXFileReference; lastKnownFileType = sourcecode.swift; path = DropPlane.swift; sourceTree = "<group>"; };
		FAA3BFAA212174E300C82A37 /* MagiJump.app */ = {isa = PBXFileReference; explicitFileType = wrapper.application; includeInIndex = 0; path = MagiJump.app; sourceTree = BUILT_PRODUCTS_DIR; };
		FAA3BFAD212174E300C82A37 /* AppDelegate.swift */ = {isa = PBXFileReference; lastKnownFileType = sourcecode.swift; path = AppDelegate.swift; sourceTree = "<group>"; };
		FAA3BFAF212174E300C82A37 /* ViewController.swift */ = {isa = PBXFileReference; lastKnownFileType = sourcecode.swift; path = ViewController.swift; sourceTree = "<group>"; };
		FAA3BFB2212174E300C82A37 /* Base */ = {isa = PBXFileReference; lastKnownFileType = file.storyboard; name = Base; path = Base.lproj/Main.storyboard; sourceTree = "<group>"; };
		FAA3BFB4212174E500C82A37 /* Assets.xcassets */ = {isa = PBXFileReference; lastKnownFileType = folder.assetcatalog; path = Assets.xcassets; sourceTree = "<group>"; };
		FAA3BFB7212174E500C82A37 /* Base */ = {isa = PBXFileReference; lastKnownFileType = file.storyboard; name = Base; path = Base.lproj/LaunchScreen.storyboard; sourceTree = "<group>"; };
		FAA3BFB9212174E500C82A37 /* Info.plist */ = {isa = PBXFileReference; lastKnownFileType = text.plist.xml; path = Info.plist; sourceTree = "<group>"; };
		FAA3BFBF2121770D00C82A37 /* JumpViewController.swift */ = {isa = PBXFileReference; lastKnownFileType = sourcecode.swift; path = JumpViewController.swift; sourceTree = "<group>"; };
		FAC43175212263C7006878B9 /* CubeViewController.swift */ = {isa = PBXFileReference; lastKnownFileType = sourcecode.swift; path = CubeViewController.swift; sourceTree = "<group>"; };
		FAC70BBD212278A90066B3B9 /* PlaneViewController.swift */ = {isa = PBXFileReference; lastKnownFileType = sourcecode.swift; path = PlaneViewController.swift; sourceTree = "<group>"; };
		FAC70BBF2122797A0066B3B9 /* Plane.swift */ = {isa = PBXFileReference; lastKnownFileType = sourcecode.swift; path = Plane.swift; sourceTree = "<group>"; };
/* End PBXFileReference section */

/* Begin PBXFrameworksBuildPhase section */
		FAA3BFA7212174E300C82A37 /* Frameworks */ = {
			isa = PBXFrameworksBuildPhase;
			buildActionMask = 2147483647;
			files = (
			);
			runOnlyForDeploymentPostprocessing = 0;
		};
/* End PBXFrameworksBuildPhase section */

/* Begin PBXGroup section */
		FAA3BFA1212174E300C82A37 = {
			isa = PBXGroup;
			children = (
				FAA3BFAC212174E300C82A37 /* MagiJump */,
				FAA3BFAB212174E300C82A37 /* Products */,
			);
			sourceTree = "<group>";
		};
		FAA3BFAB212174E300C82A37 /* Products */ = {
			isa = PBXGroup;
			children = (
				FAA3BFAA212174E300C82A37 /* MagiJump.app */,
			);
			name = Products;
			sourceTree = "<group>";
		};
		FAA3BFAC212174E300C82A37 /* MagiJump */ = {
			isa = PBXGroup;
			children = (
				FAA3BFAD212174E300C82A37 /* AppDelegate.swift */,
				FAA3BFAF212174E300C82A37 /* ViewController.swift */,
				FAA3BFBF2121770D00C82A37 /* JumpViewController.swift */,
				FAC43175212263C7006878B9 /* CubeViewController.swift */,
				FAC70BBD212278A90066B3B9 /* PlaneViewController.swift */,
				FA010CEB2123B32800379B5A /* DropPlaneViewController.swift */,
				FAC70BBF2122797A0066B3B9 /* Plane.swift */,
				FA010CED2123B35800379B5A /* DropPlane.swift */,
				FAA3BFB1212174E300C82A37 /* Main.storyboard */,
				FAA3BFB4212174E500C82A37 /* Assets.xcassets */,
				FAA3BFB6212174E500C82A37 /* LaunchScreen.storyboard */,
				FAA3BFB9212174E500C82A37 /* Info.plist */,
			);
			path = MagiJump;
			sourceTree = "<group>";
		};
/* End PBXGroup section */

/* Begin PBXNativeTarget section */
		FAA3BFA9212174E300C82A37 /* MagiJump */ = {
			isa = PBXNativeTarget;
			buildConfigurationList = FAA3BFBC212174E500C82A37 /* Build configuration list for PBXNativeTarget "MagiJump" */;
			buildPhases = (
				FAA3BFA6212174E300C82A37 /* Sources */,
				FAA3BFA7212174E300C82A37 /* Frameworks */,
				FAA3BFA8212174E300C82A37 /* Resources */,
			);
			buildRules = (
			);
			dependencies = (
			);
			name = MagiJump;
			productName = MagiJump;
			productReference = FAA3BFAA212174E300C82A37 /* MagiJump.app */;
			productType = "com.apple.product-type.application";
		};
/* End PBXNativeTarget section */

/* Begin PBXProject section */
		FAA3BFA2212174E300C82A37 /* Project object */ = {
			isa = PBXProject;
			attributes = {
				LastSwiftUpdateCheck = 1000;
				LastUpgradeCheck = 1000;
				ORGANIZATIONNAME = anran;
				TargetAttributes = {
					FAA3BFA9212174E300C82A37 = {
						CreatedOnToolsVersion = 10.0;
					};
				};
			};
			buildConfigurationList = FAA3BFA5212174E300C82A37 /* Build configuration list for PBXProject "MagiJump" */;
			compatibilityVersion = "Xcode 9.3";
			developmentRegion = en;
			hasScannedForEncodings = 0;
			knownRegions = (
				en,
				Base,
			);
			mainGroup = FAA3BFA1212174E300C82A37;
			productRefGroup = FAA3BFAB212174E300C82A37 /* Products */;
			projectDirPath = "";
			projectRoot = "";
			targets = (
				FAA3BFA9212174E300C82A37 /* MagiJump */,
			);
		};
/* End PBXProject section */

/* Begin PBXResourcesBuildPhase section */
		FAA3BFA8212174E300C82A37 /* Resources */ = {
			isa = PBXResourcesBuildPhase;
			buildActionMask = 2147483647;
			files = (
				FAA3BFB8212174E500C82A37 /* LaunchScreen.storyboard in Resources */,
				FAA3BFB5212174E500C82A37 /* Assets.xcassets in Resources */,
				FAA3BFB3212174E300C82A37 /* Main.storyboard in Resources */,
			);
			runOnlyForDeploymentPostprocessing = 0;
		};
/* End PBXResourcesBuildPhase section */

/* Begin PBXSourcesBuildPhase section */
		FAA3BFA6212174E300C82A37 /* Sources */ = {
			isa = PBXSourcesBuildPhase;
			buildActionMask = 2147483647;
			files = (
				FAA3BFC02121770D00C82A37 /* JumpViewController.swift in Sources */,
				FA010CEC2123B32800379B5A /* DropPlaneViewController.swift in Sources */,
				FAC43176212263C7006878B9 /* CubeViewController.swift in Sources */,
				FAA3BFB0212174E300C82A37 /* ViewController.swift in Sources */,
				FAA3BFAE212174E300C82A37 /* AppDelegate.swift in Sources */,
				FAC70BC02122797A0066B3B9 /* Plane.swift in Sources */,
				FAC70BBE212278A90066B3B9 /* PlaneViewController.swift in Sources */,
				FA010CEE2123B35800379B5A /* DropPlane.swift in Sources */,
			);
			runOnlyForDeploymentPostprocessing = 0;
		};
/* End PBXSourcesBuildPhase section */

/* Begin PBXVariantGroup section */
		FAA3BFB1212174E300C82A37 /* Main.storyboard */ = {
			isa = PBXVariantGroup;
			children = (
				FAA3BFB2212174E300C82A37 /* Base */,
			);
			name = Main.storyboard;
			sourceTree = "<group>";
		};
		FAA3BFB6212174E500C82A37 /* LaunchScreen.storyboard */ = {
			isa = PBXVariantGroup;
			children = (
				FAA3BFB7212174E500C82A37 /* Base */,
			);
			name = LaunchScreen.storyboard;
			sourceTree = "<group>";
		};
/* End PBXVariantGroup section */

/* Begin XCBuildConfiguration section */
		FAA3BFBA212174E500C82A37 /* Debug */ = {
			isa = XCBuildConfiguration;
			buildSettings = {
				ALWAYS_SEARCH_USER_PATHS = NO;
				CLANG_ANALYZER_NONNULL = YES;
				CLANG_ANALYZER_NUMBER_OBJECT_CONVERSION = YES_AGGRESSIVE;
				CLANG_CXX_LANGUAGE_STANDARD = "gnu++14";
				CLANG_CXX_LIBRARY = "libc++";
				CLANG_ENABLE_MODULES = YES;
				CLANG_ENABLE_OBJC_ARC = YES;
				CLANG_ENABLE_OBJC_WEAK = YES;
				CLANG_WARN_BLOCK_CAPTURE_AUTORELEASING = YES;
				CLANG_WARN_BOOL_CONVERSION = YES;
				CLANG_WARN_COMMA = YES;
				CLANG_WARN_CONSTANT_CONVERSION = YES;
				CLANG_WARN_DEPRECATED_OBJC_IMPLEMENTATIONS = YES;
				CLANG_WARN_DIRECT_OBJC_ISA_USAGE = YES_ERROR;
				CLANG_WARN_DOCUMENTATION_COMMENTS = YES;
				CLANG_WARN_EMPTY_BODY = YES;
				CLANG_WARN_ENUM_CONVERSION = YES;
				CLANG_WARN_INFINITE_RECURSION = YES;
				CLANG_WARN_INT_CONVERSION = YES;
				CLANG_WARN_NON_LITERAL_NULL_CONVERSION = YES;
				CLANG_WARN_OBJC_IMPLICIT_RETAIN_SELF = YES;
				CLANG_WARN_OBJC_LITERAL_CONVERSION = YES;
				CLANG_WARN_OBJC_ROOT_CLASS = YES_ERROR;
				CLANG_WARN_RANGE_LOOP_ANALYSIS = YES;
				CLANG_WARN_STRICT_PROTOTYPES = YES;
				CLANG_WARN_SUSPICIOUS_MOVE = YES;
				CLANG_WARN_UNGUARDED_AVAILABILITY = YES_AGGRESSIVE;
				CLANG_WARN_UNREACHABLE_CODE = YES;
				CLANG_WARN__DUPLICATE_METHOD_MATCH = YES;
				CODE_SIGN_IDENTITY = "iPhone Developer";
				COPY_PHASE_STRIP = NO;
				DEBUG_INFORMATION_FORMAT = dwarf;
				ENABLE_STRICT_OBJC_MSGSEND = YES;
				ENABLE_TESTABILITY = YES;
				GCC_C_LANGUAGE_STANDARD = gnu11;
				GCC_DYNAMIC_NO_PIC = NO;
				GCC_NO_COMMON_BLOCKS = YES;
				GCC_OPTIMIZATION_LEVEL = 0;
				GCC_PREPROCESSOR_DEFINITIONS = (
					"DEBUG=1",
					"$(inherited)",
				);
				GCC_WARN_64_TO_32_BIT_CONVERSION = YES;
				GCC_WARN_ABOUT_RETURN_TYPE = YES_ERROR;
				GCC_WARN_UNDECLARED_SELECTOR = YES;
				GCC_WARN_UNINITIALIZED_AUTOS = YES_AGGRESSIVE;
				GCC_WARN_UNUSED_FUNCTION = YES;
				GCC_WARN_UNUSED_VARIABLE = YES;
				IPHONEOS_DEPLOYMENT_TARGET = 11.4;
				MTL_ENABLE_DEBUG_INFO = INCLUDE_SOURCE;
				MTL_FAST_MATH = YES;
				ONLY_ACTIVE_ARCH = YES;
				SDKROOT = iphoneos;
				SWIFT_ACTIVE_COMPILATION_CONDITIONS = DEBUG;
				SWIFT_OPTIMIZATION_LEVEL = "-Onone";
				SWIFT_VERSION = 4.2;
			};
			name = Debug;
		};
		FAA3BFBB212174E500C82A37 /* Release */ = {
			isa = XCBuildConfiguration;
			buildSettings = {
				ALWAYS_SEARCH_USER_PATHS = NO;
				CLANG_ANALYZER_NONNULL = YES;
				CLANG_ANALYZER_NUMBER_OBJECT_CONVERSION = YES_AGGRESSIVE;
				CLANG_CXX_LANGUAGE_STANDARD = "gnu++14";
				CLANG_CXX_LIBRARY = "libc++";
				CLANG_ENABLE_MODULES = YES;
				CLANG_ENABLE_OBJC_ARC = YES;
				CLANG_ENABLE_OBJC_WEAK = YES;
				CLANG_WARN_BLOCK_CAPTURE_AUTORELEASING = YES;
				CLANG_WARN_BOOL_CONVERSION = YES;
				CLANG_WARN_COMMA = YES;
				CLANG_WARN_CONSTANT_CONVERSION = YES;
				CLANG_WARN_DEPRECATED_OBJC_IMPLEMENTATIONS = YES;
				CLANG_WARN_DIRECT_OBJC_ISA_USAGE = YES_ERROR;
				CLANG_WARN_DOCUMENTATION_COMMENTS = YES;
				CLANG_WARN_EMPTY_BODY = YES;
				CLANG_WARN_ENUM_CONVERSION = YES;
				CLANG_WARN_INFINITE_RECURSION = YES;
				CLANG_WARN_INT_CONVERSION = YES;
				CLANG_WARN_NON_LITERAL_NULL_CONVERSION = YES;
				CLANG_WARN_OBJC_IMPLICIT_RETAIN_SELF = YES;
				CLANG_WARN_OBJC_LITERAL_CONVERSION = YES;
				CLANG_WARN_OBJC_ROOT_CLASS = YES_ERROR;
				CLANG_WARN_RANGE_LOOP_ANALYSIS = YES;
				CLANG_WARN_STRICT_PROTOTYPES = YES;
				CLANG_WARN_SUSPICIOUS_MOVE = YES;
				CLANG_WARN_UNGUARDED_AVAILABILITY = YES_AGGRESSIVE;
				CLANG_WARN_UNREACHABLE_CODE = YES;
				CLANG_WARN__DUPLICATE_METHOD_MATCH = YES;
				CODE_SIGN_IDENTITY = "iPhone Developer";
				COPY_PHASE_STRIP = NO;
				DEBUG_INFORMATION_FORMAT = "dwarf-with-dsym";
				ENABLE_NS_ASSERTIONS = NO;
				ENABLE_STRICT_OBJC_MSGSEND = YES;
				GCC_C_LANGUAGE_STANDARD = gnu11;
				GCC_NO_COMMON_BLOCKS = YES;
				GCC_WARN_64_TO_32_BIT_CONVERSION = YES;
				GCC_WARN_ABOUT_RETURN_TYPE = YES_ERROR;
				GCC_WARN_UNDECLARED_SELECTOR = YES;
				GCC_WARN_UNINITIALIZED_AUTOS = YES_AGGRESSIVE;
				GCC_WARN_UNUSED_FUNCTION = YES;
				GCC_WARN_UNUSED_VARIABLE = YES;
				IPHONEOS_DEPLOYMENT_TARGET = 11.4;
				MTL_ENABLE_DEBUG_INFO = NO;
				MTL_FAST_MATH = YES;
				SDKROOT = iphoneos;
				SWIFT_COMPILATION_MODE = wholemodule;
				SWIFT_OPTIMIZATION_LEVEL = "-O";
				SWIFT_VERSION = 4.2;
				VALIDATE_PRODUCT = YES;
			};
			name = Release;
		};
		FAA3BFBD212174E500C82A37 /* Debug */ = {
			isa = XCBuildConfiguration;
			buildSettings = {
				ASSETCATALOG_COMPILER_APPICON_NAME = AppIcon;
				CODE_SIGN_IDENTITY = "iPhone Developer";
				CODE_SIGN_STYLE = Automatic;
				DEVELOPMENT_TEAM = TDBLA72SEX;
				INFOPLIST_FILE = MagiJump/Info.plist;
				LD_RUNPATH_SEARCH_PATHS = (
					"$(inherited)",
					"@executable_path/Frameworks",
				);
				PRODUCT_BUNDLE_IDENTIFIER = cn.smm.ss;
				PRODUCT_NAME = "$(TARGET_NAME)";
				PROVISIONING_PROFILE_SPECIFIER = "";
				SWIFT_VERSION = 4.2;
				TARGETED_DEVICE_FAMILY = "1,2";
			};
			name = Debug;
		};
		FAA3BFBE212174E500C82A37 /* Release */ = {
			isa = XCBuildConfiguration;
			buildSettings = {
				ASSETCATALOG_COMPILER_APPICON_NAME = AppIcon;
				CODE_SIGN_IDENTITY = "iPhone Developer";
				CODE_SIGN_STYLE = Automatic;
				DEVELOPMENT_TEAM = TDBLA72SEX;
				INFOPLIST_FILE = MagiJump/Info.plist;
				LD_RUNPATH_SEARCH_PATHS = (
					"$(inherited)",
					"@executable_path/Frameworks",
				);
				PRODUCT_BUNDLE_IDENTIFIER = cn.smm.ss;
				PRODUCT_NAME = "$(TARGET_NAME)";
				PROVISIONING_PROFILE_SPECIFIER = "";
				SWIFT_VERSION = 4.2;
				TARGETED_DEVICE_FAMILY = "1,2";
			};
			name = Release;
		};
/* End XCBuildConfiguration section */

/* Begin XCConfigurationList section */
		FAA3BFA5212174E300C82A37 /* Build configuration list for PBXProject "MagiJump" */ = {
			isa = XCConfigurationList;
			buildConfigurations = (
				FAA3BFBA212174E500C82A37 /* Debug */,
				FAA3BFBB212174E500C82A37 /* Release */,
			);
			defaultConfigurationIsVisible = 0;
			defaultConfigurationName = Release;
		};
		FAA3BFBC212174E500C82A37 /* Build configuration list for PBXNativeTarget "MagiJump" */ = {
			isa = XCConfigurationList;
			buildConfigurations = (
				FAA3BFBD212174E500C82A37 /* Debug */,
				FAA3BFBE212174E500C82A37 /* Release */,
			);
			defaultConfigurationIsVisible = 0;
			defaultConfigurationName = Release;
		};
/* End XCConfigurationList section */
	};
	rootObject = FAA3BFA2212174E300C82A37 /* Project object */;
}
